
Microsoft Visual Studio Solution File, Format Version 12.00
# Visual Studio Version 17
VisualStudioVersion = 17.7.34202.233
MinimumVisualStudioVersion = 10.0.40219.1
Project("{FAE04EC0-301F-11D3-BF4B-00C04F79EFBC}") = "GADistribuidora", "GADistribuidora.csproj", "{AAEFE6C9-5C4D-4321-AA76-A82485881E92}"
EndProject
Global
	GlobalSection(SolutionConfigurationPlatforms) = preSolution
		Debug|Any CPU = Debug|Any CPU
		Release|Any CPU = Release|Any CPU
	EndGlobalSection
	GlobalSection(ProjectConfigurationPlatforms) = postSolution
		{AAEFE6C9-5C4D-4321-AA76-A82485881E92}.Debug|Any CPU.ActiveCfg = Debug|Any CPU
		{AAEFE6C9-5C4D-4321-AA76-A82485881E92}.Debug|Any CPU.Build.0 = Debug|Any CPU
		{AAEFE6C9-5C4D-4321-AA76-A82485881E92}.Release|Any CPU.ActiveCfg = Release|Any CPU
		{AAEFE6C9-5C4D-4321-AA76-A82485881E92}.Release|Any CPU.Build.0 = Release|Any CPU
	EndGlobalSection
	GlobalSection(SolutionProperties) = preSolution
		HideSolutionNode = FALSE
	EndGlobalSection
	GlobalSection(ExtensibilityGlobals) = postSolution
		SolutionGuid = {EF8DD7EF-4290-4778-973E-8D102F3FB1A2}
	EndGlobalSection
EndGlobal
